{
  "version": 4,
  "terraform_version": "1.3.7",
  "serial": 6,
  "lineage": "3834f0e1-ea01-5fa7-e06a-ec95e88aff3a",
  "outputs": {},
  "resources": [
    {
      "module": "module.Cluster",
      "mode": "managed",
      "type": "google_container_cluster",
      "name": "restricted_cluster",
      "provider": "provider[\"registry.terraform.io/hashicorp/google\"]",
      "instances": []
    },
    {
      "module": "module.Cluster",
      "mode": "managed",
      "type": "google_container_node_pool",
      "name": "restricted_nodes",
      "provider": "provider[\"registry.terraform.io/hashicorp/google\"]",
      "instances": []
    },
    {
      "module": "module.Cluster",
      "mode": "managed",
      "type": "google_project_iam_member",
      "name": "cluster-service-account-role",
      "provider": "provider[\"registry.terraform.io/hashicorp/google\"]",
      "instances": [
        {
          "schema_version": 0,
          "attributes": {
            "condition": [],
            "etag": "BwX1OOpILk0=",
            "id": "haidyhossam-378515/roles/storage.objectViewer/serviceAccount:gke-cluster-sa@haidyhossam-378515.iam.gserviceaccount.com",
            "member": "serviceAccount:gke-cluster-sa@haidyhossam-378515.iam.gserviceaccount.com",
            "project": "haidyhossam-378515",
            "role": "roles/storage.objectViewer"
          },
          "sensitive_attributes": [],
          "private": "bnVsbA==",
          "dependencies": [
            "module.Cluster.google_service_account.gke_sa"
          ]
        }
      ]
    },
    {
      "module": "module.Cluster",
      "mode": "managed",
      "type": "google_service_account",
      "name": "gke_sa",
      "provider": "provider[\"registry.terraform.io/hashicorp/google\"]",
      "instances": [
        {
          "schema_version": 0,
          "attributes": {
            "account_id": "gke-cluster-sa",
            "description": "",
            "disabled": false,
            "display_name": "",
            "email": "gke-cluster-sa@haidyhossam-378515.iam.gserviceaccount.com",
            "id": "projects/haidyhossam-378515/serviceAccounts/gke-cluster-sa@haidyhossam-378515.iam.gserviceaccount.com",
            "member": "serviceAccount:gke-cluster-sa@haidyhossam-378515.iam.gserviceaccount.com",
            "name": "projects/haidyhossam-378515/serviceAccounts/gke-cluster-sa@haidyhossam-378515.iam.gserviceaccount.com",
            "project": "haidyhossam-378515",
            "timeouts": null,
            "unique_id": "105766046049443937604"
          },
          "sensitive_attributes": [],
          "private": "eyJlMmJmYjczMC1lY2FhLTExZTYtOGY4OC0zNDM2M2JjN2M0YzAiOnsiY3JlYXRlIjozMDAwMDAwMDAwMDB9fQ=="
        }
      ]
    },
    {
      "module": "module.Network",
      "mode": "managed",
      "type": "google_compute_firewall",
      "name": "allow_google_apis_egress",
      "provider": "provider[\"registry.terraform.io/hashicorp/google\"]",
      "instances": []
    },
    {
      "module": "module.Network",
      "mode": "managed",
      "type": "google_compute_firewall",
      "name": "block_internet_egress",
      "provider": "provider[\"registry.terraform.io/hashicorp/google\"]",
      "instances": []
    },
    {
      "module": "module.Network",
      "mode": "managed",
      "type": "google_compute_router",
      "name": "router",
      "provider": "provider[\"registry.terraform.io/hashicorp/google\"]",
      "instances": []
    },
    {
      "module": "module.Network",
      "mode": "managed",
      "type": "google_compute_router_nat",
      "name": "nat-gateway",
      "provider": "provider[\"registry.terraform.io/hashicorp/google\"]",
      "instances": []
    },
    {
      "module": "module.Network",
      "mode": "managed",
      "type": "google_compute_subnetwork",
      "name": "management-subnet",
      "provider": "provider[\"registry.terraform.io/hashicorp/google\"]",
      "instances": []
    },
    {
      "module": "module.Network",
      "mode": "managed",
      "type": "google_compute_subnetwork",
      "name": "restricted-subnet",
      "provider": "provider[\"registry.terraform.io/hashicorp/google\"]",
      "instances": []
    },
    {
      "module": "module.VMs-NAT",
      "mode": "managed",
      "type": "google_compute_firewall",
      "name": "ssh",
      "provider": "provider[\"registry.terraform.io/hashicorp/google\"]",
      "instances": []
    },
    {
      "module": "module.VMs-NAT",
      "mode": "managed",
      "type": "google_compute_instance",
      "name": "private_instance",
      "provider": "provider[\"registry.terraform.io/hashicorp/google\"]",
      "instances": []
    },
    {
      "module": "module.VMs-NAT",
      "mode": "managed",
      "type": "google_project_iam_member",
      "name": "instance-sa",
      "provider": "provider[\"registry.terraform.io/hashicorp/google\"]",
      "instances": [
        {
          "schema_version": 0,
          "attributes": {
            "condition": [],
            "etag": "BwX1OOpILk0=",
            "id": "haidyhossam-378515/roles/container.admin/serviceAccount:instance-sa@haidyhossam-378515.iam.gserviceaccount.com",
            "member": "serviceAccount:instance-sa@haidyhossam-378515.iam.gserviceaccount.com",
            "project": "haidyhossam-378515",
            "role": "roles/container.admin"
          },
          "sensitive_attributes": [],
          "private": "bnVsbA==",
          "dependencies": [
            "module.VMs-NAT.google_service_account.instance-sa"
          ]
        }
      ]
    },
    {
      "module": "module.VMs-NAT",
      "mode": "managed",
      "type": "google_service_account",
      "name": "instance-sa",
      "provider": "provider[\"registry.terraform.io/hashicorp/google\"]",
      "instances": [
        {
          "schema_version": 0,
          "attributes": {
            "account_id": "instance-sa",
            "description": "",
            "disabled": false,
            "display_name": "instance-sa",
            "email": "instance-sa@haidyhossam-378515.iam.gserviceaccount.com",
            "id": "projects/haidyhossam-378515/serviceAccounts/instance-sa@haidyhossam-378515.iam.gserviceaccount.com",
            "member": "serviceAccount:instance-sa@haidyhossam-378515.iam.gserviceaccount.com",
            "name": "projects/haidyhossam-378515/serviceAccounts/instance-sa@haidyhossam-378515.iam.gserviceaccount.com",
            "project": "haidyhossam-378515",
            "timeouts": null,
            "unique_id": "110855908307297890487"
          },
          "sensitive_attributes": [],
          "private": "eyJlMmJmYjczMC1lY2FhLTExZTYtOGY4OC0zNDM2M2JjN2M0YzAiOnsiY3JlYXRlIjozMDAwMDAwMDAwMDB9fQ=="
        }
      ]
    }
  ],
  "check_results": null
}
