{
  "version": 4,
  "terraform_version": "1.3.7",
  "serial": 47,
  "lineage": "3834f0e1-ea01-5fa7-e06a-ec95e88aff3a",
  "outputs": {},
  "resources": [
    {
      "module": "module.Cluster",
      "mode": "managed",
      "type": "google_container_cluster",
      "name": "restricted_cluster",
      "provider": "provider[\"registry.terraform.io/hashicorp/google\"]",
      "instances": [
        {
          "schema_version": 1,
          "attributes": {
            "addons_config": [
              {
                "cloudrun_config": [],
                "config_connector_config": [],
                "dns_cache_config": [],
                "gce_persistent_disk_csi_driver_config": [
                  {
                    "enabled": true
                  }
                ],
                "gcp_filestore_csi_driver_config": [],
                "gke_backup_agent_config": [],
                "horizontal_pod_autoscaling": [],
                "http_load_balancing": [],
                "network_policy_config": [
                  {
                    "disabled": false
                  }
                ]
              }
            ],
            "authenticator_groups_config": [],
            "binary_authorization": [
              {
                "enabled": false,
                "evaluation_mode": ""
              }
            ],
            "cluster_autoscaling": [
              {
                "auto_provisioning_defaults": [],
                "enabled": false,
                "resource_limits": []
              }
            ],
            "cluster_ipv4_cidr": "192.168.0.0/16",
            "confidential_nodes": [],
            "cost_management_config": [],
            "database_encryption": [
              {
                "key_name": "",
                "state": "DECRYPTED"
              }
            ],
            "datapath_provider": "",
            "default_max_pods_per_node": 110,
            "default_snat_status": [
              {
                "disabled": false
              }
            ],
            "description": "",
            "dns_config": [],
            "enable_autopilot": false,
            "enable_binary_authorization": false,
            "enable_intranode_visibility": false,
            "enable_kubernetes_alpha": false,
            "enable_l4_ilb_subsetting": false,
            "enable_legacy_abac": false,
            "enable_shielded_nodes": true,
            "enable_tpu": false,
            "endpoint": "172.16.0.2",
            "gateway_api_config": [],
            "id": "projects/haidyhossam-378515/locations/us-central1-a/clusters/restricted-cluster",
            "initial_node_count": 2,
            "ip_allocation_policy": [
              {
                "cluster_ipv4_cidr_block": "192.168.0.0/16",
                "cluster_secondary_range_name": "gke-restricted-cluster-pods-dd8eb0f4",
                "services_ipv4_cidr_block": "10.96.0.0/16",
                "services_secondary_range_name": "gke-restricted-cluster-services-dd8eb0f4"
              }
            ],
            "label_fingerprint": "a9dc16a7",
            "location": "us-central1-a",
            "logging_config": [
              {
                "enable_components": [
                  "SYSTEM_COMPONENTS",
                  "WORKLOADS"
                ]
              }
            ],
            "logging_service": "logging.googleapis.com/kubernetes",
            "maintenance_policy": [],
            "master_auth": [
              {
                "client_certificate": "",
                "client_certificate_config": [
                  {
                    "issue_client_certificate": false
                  }
                ],
                "client_key": "",
                "cluster_ca_certificate": "LS0tLS1CRUdJTiBDRVJUSUZJQ0FURS0tLS0tCk1JSUVMVENDQXBXZ0F3SUJBZ0lSQU9jYVNBeTB2eVE0WkYwVzIvRUR2Ynd3RFFZSktvWklodmNOQVFFTEJRQXcKTHpFdE1Dc0dBMVVFQXhNa05tSmlOVEU0TnpjdE1HSmlOUzAwWW1Jd0xXRXdOVGN0TXpRellqQmtNVFUwWmpBegpNQ0FYRFRJek1ESXlNVEl4TURNME5sb1lEekl3TlRNd01qRXpNakl3TXpRMldqQXZNUzB3S3dZRFZRUURFeVEyClltSTFNVGczTnkwd1ltSTFMVFJpWWpBdFlUQTFOeTB6TkROaU1HUXhOVFJtTURNd2dnR2lNQTBHQ1NxR1NJYjMKRFFFQkFRVUFBNElCandBd2dnR0tBb0lCZ1FDaU1wck45L0U1SldIWkY0YTdOWW1OeFE3ZCtYR3A4cnEza2lNOQpKZVM4L0EvUGdDQTJNeHEyRTEwbWZxTlg4K2ZMSDFsc2RGanN6eU1vbjJaQlczUlhUbGpYNjhTcnNJK0J2a2xYCjE2aVpRbVNmQVlxdm5tTm1SRFZzR3d3bDRVWkpJWjRzRllCdWZOeFZkeXZiVkUyOTR5STdyODNsMVJwaGRCNXoKQWs3dFZucVlPa2ZmY2lBdjdDZ1FocUlhaGFOZ1pNek1Ba2FWM21oQ3FuOFVJOEZDekRXMENTeEk0Z3AwQzM1SgovU0ZLYkt1UkRxektMZUduRGcxZDl6MWVZc1l5TnI5WG9WU2dXN0cyNFhuZXU2RTVRUEs0Uk5FSnBoR2M5UmNXCkh0aU9QejI4WDRiS1VwUkh1Qkp6M2l1RzFzZDN0Rnk0czBiWTUxc0c5anJNVHpTWkRMeVVqa3JFZFZpSmRIQ3YKa254dnoxbk1YTjRNR0hUdTZwbGwwcnJscjlxamNKbENXMkZ5bTlFODBHNUcreWpOaXkyWGwyVU1wSWFMempkMwpRUFNBdzZ0TXhoS0xaUHJMY1FYcWQwNzNQTzhzMzJ0aXROc3h6cEFJOWxsTmpaVis3YTdVejY5czUvQXhDZ3oyCmp3Wmh1dmUySUtheDdqbVdYTG5pV1NYOWUxMENBd0VBQWFOQ01FQXdEZ1lEVlIwUEFRSC9CQVFEQWdJRU1BOEcKQTFVZEV3RUIvd1FGTUFNQkFmOHdIUVlEVlIwT0JCWUVGTEppcm0rUkVTMGdrb0hnYTlMSGt4RUFPY2pHTUEwRwpDU3FHU0liM0RRRUJDd1VBQTRJQmdRQUlvZCthTnJhRVlNbU9LUXUzZk1IaGx2QjZGRW1RUytkbkRxRFhIOEx1CmVJNHhZV01PZ2w3WkxINzdtaVZ5c3JhSjNWWnpjWElGL08vMEkzNFY3MXl5NHhocG5qaXhIdkRaNm9ZQ2dHTDcKQ2hTbnJJSlFPQ0YwdFNtM2c4M1VOSjU0aVQzcWtpMXBsMEVuN2lVTFEzNDlOaUx5Y3lmeU1kUnhBRFd4UW0xZwpva2JYY3hxMmNLODdGVkN5cldCUHhrUXJIZzdZbjk3SFRicDdUcXBpU040U0dIK09IU25kU2lEZVoxcytBbWg1CnZnSWliN0JPNzk4WFBrQTBTeHg5Z29JeG5tKzdGbnFIem1aSXlDVFpkdUNKTjdCNUF4WHZCaDZyNGR1U25HNjEKdWdqZ094M1EzSDVDbU5QbVNtaEkwMWlZeW5CZzAyVXJ0TWxDcXJzT0JVbW5hQ0tGUXd6NWNaS2c2Z0cwc2tIUQpLRjcrMWxpUkE3VnVFcDcyMFFWbWt3ZERnVW9Fd0txUVk2a1FoaVlOVWU4ZFNieko5dkZlOGZ1N0IxZnBJaHhBCjd3bXAvcGhDRzZTMVYrWGp5bWV5TEF3U1IxcWFsWDBCNzBycEZpM3FWWmdrU2V0Vk5Jbm45K0IyNWdPK1oyVm0KREwrWXMyQXhFQUlXcHM5N1h6NlBGN3M9Ci0tLS0tRU5EIENFUlRJRklDQVRFLS0tLS0K"
              }
            ],
            "master_authorized_networks_config": [
              {
                "cidr_blocks": [
                  {
                    "cidr_block": "10.0.0.0/24",
                    "display_name": "management-subnet"
                  }
                ],
                "gcp_public_cidrs_access_enabled": false
              }
            ],
            "master_version": "1.24.9-gke.2000",
            "mesh_certificates": [],
            "min_master_version": null,
            "monitoring_config": [
              {
                "enable_components": [
                  "SYSTEM_COMPONENTS"
                ],
                "managed_prometheus": []
              }
            ],
            "monitoring_service": "monitoring.googleapis.com/kubernetes",
            "name": "restricted-cluster",
            "network": "projects/haidyhossam-378515/global/networks/main-vpc",
            "network_policy": [
              {
                "enabled": true,
                "provider": ""
              }
            ],
            "networking_mode": "VPC_NATIVE",
            "node_config": [],
            "node_locations": [],
            "node_pool": [],
            "node_pool_defaults": [
              {
                "node_config_defaults": [
                  {
                    "logging_variant": "DEFAULT"
                  }
                ]
              }
            ],
            "node_version": "1.24.9-gke.2000",
            "notification_config": [
              {
                "pubsub": [
                  {
                    "enabled": false,
                    "filter": [],
                    "topic": ""
                  }
                ]
              }
            ],
            "operation": null,
            "private_cluster_config": [
              {
                "enable_private_endpoint": true,
                "enable_private_nodes": true,
                "master_global_access_config": [
                  {
                    "enabled": false
                  }
                ],
                "master_ipv4_cidr_block": "172.16.0.0/28",
                "peering_name": "gke-nf12f3542cbd73ae26c9-4d27-42cd-peer",
                "private_endpoint": "172.16.0.2",
                "private_endpoint_subnetwork": "",
                "public_endpoint": "104.155.141.36"
              }
            ],
            "private_ipv6_google_access": "",
            "project": "haidyhossam-378515",
            "release_channel": [
              {
                "channel": "REGULAR"
              }
            ],
            "remove_default_node_pool": true,
            "resource_labels": null,
            "resource_usage_export_config": [],
            "self_link": "https://container.googleapis.com/v1/projects/haidyhossam-378515/zones/us-central1-a/clusters/restricted-cluster",
            "service_external_ips_config": [
              {
                "enabled": false
              }
            ],
            "services_ipv4_cidr": "10.96.0.0/16",
            "subnetwork": "projects/haidyhossam-378515/regions/us-central1/subnetworks/restricted-subnet",
            "timeouts": null,
            "tpu_ipv4_cidr_block": "",
            "vertical_pod_autoscaling": [],
            "workload_identity_config": []
          },
          "sensitive_attributes": [],
          "private": "eyJlMmJmYjczMC1lY2FhLTExZTYtOGY4OC0zNDM2M2JjN2M0YzAiOnsiY3JlYXRlIjoyNDAwMDAwMDAwMDAwLCJkZWxldGUiOjI0MDAwMDAwMDAwMDAsInJlYWQiOjI0MDAwMDAwMDAwMDAsInVwZGF0ZSI6MzYwMDAwMDAwMDAwMH0sInNjaGVtYV92ZXJzaW9uIjoiMSJ9",
          "dependencies": [
            "module.Cluster.google_service_account.gke_sa",
            "module.Network.google_compute_network.main-vpc",
            "module.Network.google_compute_subnetwork.restricted-subnet"
          ]
        }
      ]
    },
    {
      "module": "module.Cluster",
      "mode": "managed",
      "type": "google_container_node_pool",
      "name": "restricted_nodes",
      "provider": "provider[\"registry.terraform.io/hashicorp/google\"]",
      "instances": [
        {
          "schema_version": 1,
          "attributes": {
            "autoscaling": [],
            "cluster": "restricted-cluster",
            "id": "projects/haidyhossam-378515/locations/us-central1-a/clusters/restricted-cluster/nodePools/restricted-nodes",
            "initial_node_count": 2,
            "instance_group_urls": [
              "https://www.googleapis.com/compute/v1/projects/haidyhossam-378515/zones/us-central1-a/instanceGroupManagers/gke-restricted-clust-restricted-nodes-7a0ead35-grp"
            ],
            "location": "us-central1-a",
            "managed_instance_group_urls": [
              "https://www.googleapis.com/compute/v1/projects/haidyhossam-378515/zones/us-central1-a/instanceGroups/gke-restricted-clust-restricted-nodes-7a0ead35-grp"
            ],
            "management": [
              {
                "auto_repair": true,
                "auto_upgrade": true
              }
            ],
            "max_pods_per_node": 110,
            "name": "restricted-nodes",
            "name_prefix": "",
            "network_config": [
              {
                "create_pod_range": false,
                "enable_private_nodes": false,
                "pod_ipv4_cidr_block": "192.168.0.0/16",
                "pod_range": "gke-restricted-cluster-pods-dd8eb0f4"
              }
            ],
            "node_config": [
              {
                "boot_disk_kms_key": "",
                "disk_size_gb": 100,
                "disk_type": "pd-balanced",
                "gcfs_config": [],
                "guest_accelerator": [],
                "gvnic": [],
                "image_type": "COS_CONTAINERD",
                "kubelet_config": [],
                "labels": {},
                "linux_node_config": [],
                "local_ssd_count": 0,
                "logging_variant": "DEFAULT",
                "machine_type": "e2-standard-2",
                "metadata": {
                  "disable-legacy-endpoints": "true"
                },
                "min_cpu_platform": "",
                "node_group": "",
                "oauth_scopes": [
                  "https://www.googleapis.com/auth/compute",
                  "https://www.googleapis.com/auth/devstorage.read_only",
                  "https://www.googleapis.com/auth/logging.write",
                  "https://www.googleapis.com/auth/monitoring.write"
                ],
                "preemptible": false,
                "reservation_affinity": [],
                "resource_labels": null,
                "service_account": "gke-cluster-sa@haidyhossam-378515.iam.gserviceaccount.com",
                "shielded_instance_config": [
                  {
                    "enable_integrity_monitoring": true,
                    "enable_secure_boot": false
                  }
                ],
                "spot": false,
                "tags": [
                  "private-rules"
                ],
                "taint": [],
                "workload_metadata_config": []
              }
            ],
            "node_count": 2,
            "node_locations": [
              "us-central1-a"
            ],
            "operation": null,
            "placement_policy": [],
            "project": "haidyhossam-378515",
            "timeouts": null,
            "upgrade_settings": [
              {
                "blue_green_settings": [],
                "max_surge": 1,
                "max_unavailable": 0,
                "strategy": "SURGE"
              }
            ],
            "version": "1.24.9-gke.2000"
          },
          "sensitive_attributes": [],
          "private": "eyJlMmJmYjczMC1lY2FhLTExZTYtOGY4OC0zNDM2M2JjN2M0YzAiOnsiY3JlYXRlIjoxODAwMDAwMDAwMDAwLCJkZWxldGUiOjE4MDAwMDAwMDAwMDAsInVwZGF0ZSI6MTgwMDAwMDAwMDAwMH0sInNjaGVtYV92ZXJzaW9uIjoiMSJ9",
          "dependencies": [
            "module.Cluster.google_container_cluster.restricted_cluster",
            "module.Cluster.google_service_account.gke_sa",
            "module.Network.google_compute_network.main-vpc",
            "module.Network.google_compute_subnetwork.restricted-subnet"
          ]
        }
      ]
    },
    {
      "module": "module.Cluster",
      "mode": "managed",
      "type": "google_project_iam_member",
      "name": "cluster-service-account-role",
      "provider": "provider[\"registry.terraform.io/hashicorp/google\"]",
      "instances": [
        {
          "schema_version": 0,
          "attributes": {
            "condition": [],
            "etag": "BwX1O++6ugs=",
            "id": "haidyhossam-378515/roles/storage.objectViewer/serviceAccount:gke-cluster-sa@haidyhossam-378515.iam.gserviceaccount.com",
            "member": "serviceAccount:gke-cluster-sa@haidyhossam-378515.iam.gserviceaccount.com",
            "project": "haidyhossam-378515",
            "role": "roles/storage.objectViewer"
          },
          "sensitive_attributes": [],
          "private": "bnVsbA==",
          "dependencies": [
            "module.Cluster.google_service_account.gke_sa"
          ]
        }
      ]
    },
    {
      "module": "module.Cluster",
      "mode": "managed",
      "type": "google_service_account",
      "name": "gke_sa",
      "provider": "provider[\"registry.terraform.io/hashicorp/google\"]",
      "instances": [
        {
          "schema_version": 0,
          "attributes": {
            "account_id": "gke-cluster-sa",
            "description": "",
            "disabled": false,
            "display_name": "",
            "email": "gke-cluster-sa@haidyhossam-378515.iam.gserviceaccount.com",
            "id": "projects/haidyhossam-378515/serviceAccounts/gke-cluster-sa@haidyhossam-378515.iam.gserviceaccount.com",
            "member": "serviceAccount:gke-cluster-sa@haidyhossam-378515.iam.gserviceaccount.com",
            "name": "projects/haidyhossam-378515/serviceAccounts/gke-cluster-sa@haidyhossam-378515.iam.gserviceaccount.com",
            "project": "haidyhossam-378515",
            "timeouts": null,
            "unique_id": "105766046049443937604"
          },
          "sensitive_attributes": [],
          "private": "eyJlMmJmYjczMC1lY2FhLTExZTYtOGY4OC0zNDM2M2JjN2M0YzAiOnsiY3JlYXRlIjozMDAwMDAwMDAwMDB9fQ=="
        }
      ]
    },
    {
      "module": "module.Network",
      "mode": "managed",
      "type": "google_compute_firewall",
      "name": "allow_google_apis_egress",
      "provider": "provider[\"registry.terraform.io/hashicorp/google\"]",
      "instances": [
        {
          "schema_version": 1,
          "attributes": {
            "allow": [
              {
                "ports": [
                  "443"
                ],
                "protocol": "tcp"
              }
            ],
            "creation_timestamp": "2023-02-21T10:50:22.943-08:00",
            "deny": [],
            "description": "",
            "destination_ranges": [
              "0.0.0.0/0"
            ],
            "direction": "EGRESS",
            "disabled": false,
            "enable_logging": null,
            "id": "projects/haidyhossam-378515/global/firewalls/allow-google-apis-egress",
            "log_config": [],
            "name": "allow-google-apis-egress",
            "network": "https://www.googleapis.com/compute/v1/projects/haidyhossam-378515/global/networks/main-vpc",
            "priority": 1000,
            "project": "haidyhossam-378515",
            "self_link": "https://www.googleapis.com/compute/v1/projects/haidyhossam-378515/global/firewalls/allow-google-apis-egress",
            "source_ranges": [
              "10.0.1.0/24"
            ],
            "source_service_accounts": [],
            "source_tags": [],
            "target_service_accounts": [],
            "target_tags": [
              "private-rules"
            ],
            "timeouts": null
          },
          "sensitive_attributes": [],
          "private": "eyJlMmJmYjczMC1lY2FhLTExZTYtOGY4OC0zNDM2M2JjN2M0YzAiOnsiY3JlYXRlIjoxMjAwMDAwMDAwMDAwLCJkZWxldGUiOjEyMDAwMDAwMDAwMDAsInVwZGF0ZSI6MTIwMDAwMDAwMDAwMH0sInNjaGVtYV92ZXJzaW9uIjoiMSJ9",
          "dependencies": [
            "module.Network.google_compute_network.main-vpc",
            "module.Network.google_compute_subnetwork.restricted-subnet"
          ]
        }
      ]
    },
    {
      "module": "module.Network",
      "mode": "managed",
      "type": "google_compute_firewall",
      "name": "block_internet_egress",
      "provider": "provider[\"registry.terraform.io/hashicorp/google\"]",
      "instances": [
        {
          "schema_version": 1,
          "attributes": {
            "allow": [
              {
                "ports": [
                  "443"
                ],
                "protocol": "tcp"
              }
            ],
            "creation_timestamp": "2023-02-21T09:30:14.565-08:00",
            "deny": [],
            "description": "",
            "destination_ranges": [
              "0.0.0.0/0"
            ],
            "direction": "EGRESS",
            "disabled": false,
            "enable_logging": null,
            "id": "projects/haidyhossam-378515/global/firewalls/block-internet-egress",
            "log_config": [],
            "name": "block-internet-egress",
            "network": "https://www.googleapis.com/compute/v1/projects/haidyhossam-378515/global/networks/main-vpc",
            "priority": 1000,
            "project": "haidyhossam-378515",
            "self_link": "https://www.googleapis.com/compute/v1/projects/haidyhossam-378515/global/firewalls/block-internet-egress",
            "source_ranges": [
              "10.0.1.0/24"
            ],
            "source_service_accounts": [],
            "source_tags": [],
            "target_service_accounts": [],
            "target_tags": [
              "private-rules"
            ],
            "timeouts": null
          },
          "sensitive_attributes": [],
          "private": "eyJlMmJmYjczMC1lY2FhLTExZTYtOGY4OC0zNDM2M2JjN2M0YzAiOnsiY3JlYXRlIjoxMjAwMDAwMDAwMDAwLCJkZWxldGUiOjEyMDAwMDAwMDAwMDAsInVwZGF0ZSI6MTIwMDAwMDAwMDAwMH0sInNjaGVtYV92ZXJzaW9uIjoiMSJ9",
          "dependencies": [
            "module.Network.google_compute_network.main-vpc",
            "module.Network.google_compute_subnetwork.restricted-subnet"
          ]
        }
      ]
    },
    {
      "module": "module.Network",
      "mode": "managed",
      "type": "google_compute_network",
      "name": "main-vpc",
      "provider": "provider[\"registry.terraform.io/hashicorp/google\"]",
      "instances": [
        {
          "schema_version": 0,
          "attributes": {
            "auto_create_subnetworks": false,
            "delete_default_routes_on_create": false,
            "description": "",
            "enable_ula_internal_ipv6": false,
            "gateway_ipv4": "",
            "id": "projects/haidyhossam-378515/global/networks/main-vpc",
            "internal_ipv6_range": "",
            "mtu": 0,
            "name": "main-vpc",
            "project": "haidyhossam-378515",
            "routing_mode": "REGIONAL",
            "self_link": "https://www.googleapis.com/compute/v1/projects/haidyhossam-378515/global/networks/main-vpc",
            "timeouts": null
          },
          "sensitive_attributes": [],
          "private": "eyJlMmJmYjczMC1lY2FhLTExZTYtOGY4OC0zNDM2M2JjN2M0YzAiOnsiY3JlYXRlIjoxMjAwMDAwMDAwMDAwLCJkZWxldGUiOjEyMDAwMDAwMDAwMDAsInVwZGF0ZSI6MTIwMDAwMDAwMDAwMH19"
        }
      ]
    },
    {
      "module": "module.Network",
      "mode": "managed",
      "type": "google_compute_router",
      "name": "router",
      "provider": "provider[\"registry.terraform.io/hashicorp/google\"]",
      "instances": [
        {
          "schema_version": 0,
          "attributes": {
            "bgp": [],
            "creation_timestamp": "2023-02-21T09:30:04.089-08:00",
            "description": "",
            "encrypted_interconnect_router": false,
            "id": "projects/haidyhossam-378515/regions/us-central1/routers/my-router",
            "name": "my-router",
            "network": "https://www.googleapis.com/compute/v1/projects/haidyhossam-378515/global/networks/main-vpc",
            "project": "haidyhossam-378515",
            "region": "us-central1",
            "self_link": "https://www.googleapis.com/compute/v1/projects/haidyhossam-378515/regions/us-central1/routers/my-router",
            "timeouts": null
          },
          "sensitive_attributes": [],
          "private": "eyJlMmJmYjczMC1lY2FhLTExZTYtOGY4OC0zNDM2M2JjN2M0YzAiOnsiY3JlYXRlIjoxMjAwMDAwMDAwMDAwLCJkZWxldGUiOjEyMDAwMDAwMDAwMDAsInVwZGF0ZSI6MTIwMDAwMDAwMDAwMH19",
          "dependencies": [
            "module.Network.google_compute_network.main-vpc",
            "module.Network.google_compute_subnetwork.management-subnet"
          ]
        }
      ]
    },
    {
      "module": "module.Network",
      "mode": "managed",
      "type": "google_compute_router_nat",
      "name": "nat-gateway",
      "provider": "provider[\"registry.terraform.io/hashicorp/google\"]",
      "instances": [
        {
          "schema_version": 0,
          "attributes": {
            "drain_nat_ips": [],
            "enable_dynamic_port_allocation": false,
            "enable_endpoint_independent_mapping": true,
            "icmp_idle_timeout_sec": 30,
            "id": "haidyhossam-378515/us-central1/my-router/my-router-nat",
            "log_config": [],
            "max_ports_per_vm": 0,
            "min_ports_per_vm": 0,
            "name": "my-router-nat",
            "nat_ip_allocate_option": "AUTO_ONLY",
            "nat_ips": [],
            "project": "haidyhossam-378515",
            "region": "us-central1",
            "router": "my-router",
            "rules": [],
            "source_subnetwork_ip_ranges_to_nat": "LIST_OF_SUBNETWORKS",
            "subnetwork": [
              {
                "name": "https://www.googleapis.com/compute/v1/projects/haidyhossam-378515/regions/us-central1/subnetworks/management-subnet",
                "secondary_ip_range_names": [],
                "source_ip_ranges_to_nat": [
                  "ALL_IP_RANGES"
                ]
              }
            ],
            "tcp_established_idle_timeout_sec": 1200,
            "tcp_time_wait_timeout_sec": 120,
            "tcp_transitory_idle_timeout_sec": 30,
            "timeouts": null,
            "udp_idle_timeout_sec": 30
          },
          "sensitive_attributes": [],
          "private": "eyJlMmJmYjczMC1lY2FhLTExZTYtOGY4OC0zNDM2M2JjN2M0YzAiOnsiY3JlYXRlIjoxMjAwMDAwMDAwMDAwLCJkZWxldGUiOjEyMDAwMDAwMDAwMDAsInVwZGF0ZSI6MTIwMDAwMDAwMDAwMH19",
          "dependencies": [
            "module.Network.google_compute_network.main-vpc",
            "module.Network.google_compute_router.router",
            "module.Network.google_compute_subnetwork.management-subnet"
          ]
        }
      ]
    },
    {
      "module": "module.Network",
      "mode": "managed",
      "type": "google_compute_subnetwork",
      "name": "management-subnet",
      "provider": "provider[\"registry.terraform.io/hashicorp/google\"]",
      "instances": [
        {
          "schema_version": 0,
          "attributes": {
            "creation_timestamp": "2023-02-21T09:29:50.339-08:00",
            "description": "",
            "external_ipv6_prefix": "",
            "fingerprint": null,
            "gateway_address": "10.0.0.1",
            "id": "projects/haidyhossam-378515/regions/us-central1/subnetworks/management-subnet",
            "ip_cidr_range": "10.0.0.0/24",
            "ipv6_access_type": "",
            "ipv6_cidr_range": "",
            "log_config": [],
            "name": "management-subnet",
            "network": "https://www.googleapis.com/compute/v1/projects/haidyhossam-378515/global/networks/main-vpc",
            "private_ip_google_access": false,
            "private_ipv6_google_access": "DISABLE_GOOGLE_ACCESS",
            "project": "haidyhossam-378515",
            "purpose": "PRIVATE",
            "region": "us-central1",
            "role": "",
            "secondary_ip_range": [],
            "self_link": "https://www.googleapis.com/compute/v1/projects/haidyhossam-378515/regions/us-central1/subnetworks/management-subnet",
            "stack_type": "IPV4_ONLY",
            "timeouts": null
          },
          "sensitive_attributes": [],
          "private": "eyJlMmJmYjczMC1lY2FhLTExZTYtOGY4OC0zNDM2M2JjN2M0YzAiOnsiY3JlYXRlIjoxMjAwMDAwMDAwMDAwLCJkZWxldGUiOjEyMDAwMDAwMDAwMDAsInVwZGF0ZSI6MTIwMDAwMDAwMDAwMH19",
          "dependencies": [
            "module.Network.google_compute_network.main-vpc"
          ]
        }
      ]
    },
    {
      "module": "module.Network",
      "mode": "managed",
      "type": "google_compute_subnetwork",
      "name": "restricted-subnet",
      "provider": "provider[\"registry.terraform.io/hashicorp/google\"]",
      "instances": [
        {
          "schema_version": 0,
          "attributes": {
            "creation_timestamp": "2023-02-21T09:29:50.411-08:00",
            "description": "",
            "external_ipv6_prefix": "",
            "fingerprint": null,
            "gateway_address": "10.0.1.1",
            "id": "projects/haidyhossam-378515/regions/us-central1/subnetworks/restricted-subnet",
            "ip_cidr_range": "10.0.1.0/24",
            "ipv6_access_type": "",
            "ipv6_cidr_range": "",
            "log_config": [],
            "name": "restricted-subnet",
            "network": "https://www.googleapis.com/compute/v1/projects/haidyhossam-378515/global/networks/main-vpc",
            "private_ip_google_access": true,
            "private_ipv6_google_access": "DISABLE_GOOGLE_ACCESS",
            "project": "haidyhossam-378515",
            "purpose": "PRIVATE",
            "region": "us-central1",
            "role": "",
            "secondary_ip_range": [
              {
                "ip_cidr_range": "10.0.4.0/24",
                "range_name": "pods"
              }
            ],
            "self_link": "https://www.googleapis.com/compute/v1/projects/haidyhossam-378515/regions/us-central1/subnetworks/restricted-subnet",
            "stack_type": "IPV4_ONLY",
            "timeouts": null
          },
          "sensitive_attributes": [],
          "private": "eyJlMmJmYjczMC1lY2FhLTExZTYtOGY4OC0zNDM2M2JjN2M0YzAiOnsiY3JlYXRlIjoxMjAwMDAwMDAwMDAwLCJkZWxldGUiOjEyMDAwMDAwMDAwMDAsInVwZGF0ZSI6MTIwMDAwMDAwMDAwMH19",
          "dependencies": [
            "module.Network.google_compute_network.main-vpc"
          ]
        }
      ]
    },
    {
      "module": "module.VMs-NAT",
      "mode": "managed",
      "type": "google_compute_firewall",
      "name": "ssh",
      "provider": "provider[\"registry.terraform.io/hashicorp/google\"]",
      "instances": [
        {
          "schema_version": 1,
          "attributes": {
            "allow": [
              {
                "ports": [
                  "22"
                ],
                "protocol": "tcp"
              }
            ],
            "creation_timestamp": "2023-02-21T09:29:48.450-08:00",
            "deny": [],
            "description": "",
            "destination_ranges": [],
            "direction": "INGRESS",
            "disabled": false,
            "enable_logging": null,
            "id": "projects/haidyhossam-378515/global/firewalls/ssh",
            "log_config": [],
            "name": "ssh",
            "network": "https://www.googleapis.com/compute/v1/projects/haidyhossam-378515/global/networks/main-vpc",
            "priority": 100,
            "project": "haidyhossam-378515",
            "self_link": "https://www.googleapis.com/compute/v1/projects/haidyhossam-378515/global/firewalls/ssh",
            "source_ranges": [
              "0.0.0.0/0"
            ],
            "source_service_accounts": [],
            "source_tags": [],
            "target_service_accounts": [],
            "target_tags": [
              "ssh"
            ],
            "timeouts": null
          },
          "sensitive_attributes": [],
          "private": "eyJlMmJmYjczMC1lY2FhLTExZTYtOGY4OC0zNDM2M2JjN2M0YzAiOnsiY3JlYXRlIjoxMjAwMDAwMDAwMDAwLCJkZWxldGUiOjEyMDAwMDAwMDAwMDAsInVwZGF0ZSI6MTIwMDAwMDAwMDAwMH0sInNjaGVtYV92ZXJzaW9uIjoiMSJ9",
          "dependencies": [
            "module.Network.google_compute_network.main-vpc"
          ]
        }
      ]
    },
    {
      "module": "module.VMs-NAT",
      "mode": "managed",
      "type": "google_compute_instance",
      "name": "private_instance",
      "provider": "provider[\"registry.terraform.io/hashicorp/google\"]",
      "instances": [
        {
          "schema_version": 6,
          "attributes": {
            "advanced_machine_features": [],
            "allow_stopping_for_update": null,
            "attached_disk": [],
            "boot_disk": [
              {
                "auto_delete": true,
                "device_name": "persistent-disk-0",
                "disk_encryption_key_raw": "",
                "disk_encryption_key_sha256": "",
                "initialize_params": [
                  {
                    "image": "https://www.googleapis.com/compute/v1/projects/ubuntu-os-cloud/global/images/ubuntu-1804-bionic-v20230215",
                    "labels": {},
                    "size": 10,
                    "type": "pd-standard"
                  }
                ],
                "kms_key_self_link": "",
                "mode": "READ_WRITE",
                "source": "https://www.googleapis.com/compute/v1/projects/haidyhossam-378515/zones/us-central1-a/disks/private-instance"
              }
            ],
            "can_ip_forward": false,
            "confidential_instance_config": [],
            "cpu_platform": "Intel Haswell",
            "current_status": "RUNNING",
            "deletion_protection": false,
            "description": "",
            "desired_status": null,
            "enable_display": false,
            "guest_accelerator": [],
            "hostname": "",
            "id": "projects/haidyhossam-378515/zones/us-central1-a/instances/private-instance",
            "instance_id": "7584703138840002930",
            "label_fingerprint": "42WmSpB8rSM=",
            "labels": {},
            "machine_type": "f1-micro",
            "metadata": {},
            "metadata_fingerprint": "KhFEkVvTfjU=",
            "metadata_startup_script": null,
            "min_cpu_platform": "",
            "name": "private-instance",
            "network_interface": [
              {
                "access_config": [],
                "alias_ip_range": [],
                "ipv6_access_config": [],
                "ipv6_access_type": "",
                "name": "nic0",
                "network": "https://www.googleapis.com/compute/v1/projects/haidyhossam-378515/global/networks/main-vpc",
                "network_ip": "10.0.0.2",
                "nic_type": "",
                "queue_count": 0,
                "stack_type": "IPV4_ONLY",
                "subnetwork": "https://www.googleapis.com/compute/v1/projects/haidyhossam-378515/regions/us-central1/subnetworks/management-subnet",
                "subnetwork_project": "haidyhossam-378515"
              }
            ],
            "project": "haidyhossam-378515",
            "reservation_affinity": [],
            "resource_policies": [],
            "scheduling": [
              {
                "automatic_restart": true,
                "instance_termination_action": "",
                "min_node_cpus": 0,
                "node_affinities": [],
                "on_host_maintenance": "MIGRATE",
                "preemptible": false,
                "provisioning_model": "STANDARD"
              }
            ],
            "scratch_disk": [],
            "self_link": "https://www.googleapis.com/compute/v1/projects/haidyhossam-378515/zones/us-central1-a/instances/private-instance",
            "service_account": [
              {
                "email": "instance-sa@haidyhossam-378515.iam.gserviceaccount.com",
                "scopes": [
                  "https://www.googleapis.com/auth/cloud-platform"
                ]
              }
            ],
            "shielded_instance_config": [
              {
                "enable_integrity_monitoring": true,
                "enable_secure_boot": false,
                "enable_vtpm": true
              }
            ],
            "tags": [
              "ssh"
            ],
            "tags_fingerprint": "pfSjJj1RiUg=",
            "timeouts": null,
            "zone": "us-central1-a"
          },
          "sensitive_attributes": [],
          "private": "eyJlMmJmYjczMC1lY2FhLTExZTYtOGY4OC0zNDM2M2JjN2M0YzAiOnsiY3JlYXRlIjoxMjAwMDAwMDAwMDAwLCJkZWxldGUiOjEyMDAwMDAwMDAwMDAsInVwZGF0ZSI6MTIwMDAwMDAwMDAwMH0sInNjaGVtYV92ZXJzaW9uIjoiNiJ9",
          "dependencies": [
            "module.Network.google_compute_subnetwork.management-subnet",
            "module.VMs-NAT.google_service_account.instance-sa"
          ]
        }
      ]
    },
    {
      "module": "module.VMs-NAT",
      "mode": "managed",
      "type": "google_project_iam_member",
      "name": "instance-sa",
      "provider": "provider[\"registry.terraform.io/hashicorp/google\"]",
      "instances": [
        {
          "schema_version": 0,
          "attributes": {
            "condition": [],
            "etag": "BwX1O++6ugs=",
            "id": "haidyhossam-378515/roles/container.admin/serviceAccount:instance-sa@haidyhossam-378515.iam.gserviceaccount.com",
            "member": "serviceAccount:instance-sa@haidyhossam-378515.iam.gserviceaccount.com",
            "project": "haidyhossam-378515",
            "role": "roles/container.admin"
          },
          "sensitive_attributes": [],
          "private": "bnVsbA==",
          "dependencies": [
            "module.VMs-NAT.google_service_account.instance-sa"
          ]
        }
      ]
    },
    {
      "module": "module.VMs-NAT",
      "mode": "managed",
      "type": "google_service_account",
      "name": "instance-sa",
      "provider": "provider[\"registry.terraform.io/hashicorp/google\"]",
      "instances": [
        {
          "schema_version": 0,
          "attributes": {
            "account_id": "instance-sa",
            "description": "",
            "disabled": false,
            "display_name": "instance-sa",
            "email": "instance-sa@haidyhossam-378515.iam.gserviceaccount.com",
            "id": "projects/haidyhossam-378515/serviceAccounts/instance-sa@haidyhossam-378515.iam.gserviceaccount.com",
            "member": "serviceAccount:instance-sa@haidyhossam-378515.iam.gserviceaccount.com",
            "name": "projects/haidyhossam-378515/serviceAccounts/instance-sa@haidyhossam-378515.iam.gserviceaccount.com",
            "project": "haidyhossam-378515",
            "timeouts": null,
            "unique_id": "110855908307297890487"
          },
          "sensitive_attributes": [],
          "private": "eyJlMmJmYjczMC1lY2FhLTExZTYtOGY4OC0zNDM2M2JjN2M0YzAiOnsiY3JlYXRlIjozMDAwMDAwMDAwMDB9fQ=="
        }
      ]
    }
  ],
  "check_results": null
}
